// !$*UTF8*$!
{
	archiveVersion = 1;
	classes = {
	};
	objectVersion = 77;
	objects = {

/* Begin PBXBuildFile section */
		C632E91C2DD9EA380023D1AD /* FirebaseAuth in Frameworks */ = {isa = PBXBuildFile; productRef = C632E91B2DD9EA380023D1AD /* FirebaseAuth */; };
		C632E91E2DD9EA380023D1AD /* FirebaseDatabase in Frameworks */ = {isa = PBXBuildFile; productRef = C632E91D2DD9EA380023D1AD /* FirebaseDatabase */; };
		C632E9202DD9EA380023D1AD /* FirebaseFirestore in Frameworks */ = {isa = PBXBuildFile; productRef = C632E91F2DD9EA380023D1AD /* FirebaseFirestore */; };
		C632E9222DD9EA380023D1AD /* FirebaseStorage in Frameworks */ = {isa = PBXBuildFile; productRef = C632E9212DD9EA380023D1AD /* FirebaseStorage */; };
/* End PBXBuildFile section */

/* Begin PBXContainerItemProxy section */
		C66129FD2D6307EA00D018F5 /* PBXContainerItemProxy */ = {
			isa = PBXContainerItemProxy;
			containerPortal = C66129E42D6307E700D018F5 /* Project object */;
			proxyType = 1;
			remoteGlobalIDString = C66129EB2D6307E700D018F5;
			remoteInfo = CrossChat;
		};
		C6612A072D6307EA00D018F5 /* PBXContainerItemProxy */ = {
			isa = PBXContainerItemProxy;
			containerPortal = C66129E42D6307E700D018F5 /* Project object */;
			proxyType = 1;
			remoteGlobalIDString = C66129EB2D6307E700D018F5;
			remoteInfo = CrossChat;
		};
/* End PBXContainerItemProxy section */

/* Begin PBXFileReference section */
		C66129EC2D6307E700D018F5 /* CrossChat.app */ = {isa = PBXFileReference; explicitFileType = wrapper.application; includeInIndex = 0; path = CrossChat.app; sourceTree = BUILT_PRODUCTS_DIR; };
		C66129FC2D6307EA00D018F5 /* CrossChatTests.xctest */ = {isa = PBXFileReference; explicitFileType = wrapper.cfbundle; includeInIndex = 0; path = CrossChatTests.xctest; sourceTree = BUILT_PRODUCTS_DIR; };
		C6612A062D6307EA00D018F5 /* CrossChatUITests.xctest */ = {isa = PBXFileReference; explicitFileType = wrapper.cfbundle; includeInIndex = 0; path = CrossChatUITests.xctest; sourceTree = BUILT_PRODUCTS_DIR; };
/* End PBXFileReference section */

/* Begin PBXFileSystemSynchronizedRootGroup section */
		C66129EE2D6307E700D018F5 /* CrossChat */ = {
			isa = PBXFileSystemSynchronizedRootGroup;
			path = CrossChat;
			sourceTree = "<group>";
		};
		C66129FF2D6307EA00D018F5 /* CrossChatTests */ = {
			isa = PBXFileSystemSynchronizedRootGroup;
			path = CrossChatTests;
			sourceTree = "<group>";
		};
		C6612A092D6307EA00D018F5 /* CrossChatUITests */ = {
			isa = PBXFileSystemSynchronizedRootGroup;
			path = CrossChatUITests;
			sourceTree = "<group>";
		};
/* End PBXFileSystemSynchronizedRootGroup section */

/* Begin PBXFrameworksBuildPhase section */
		C66129E92D6307E700D018F5 /* Frameworks */ = {
			isa = PBXFrameworksBuildPhase;
			buildActionMask = 2147483647;
			files = (
				C632E91E2DD9EA380023D1AD /* FirebaseDatabase in Frameworks */,
				C632E9222DD9EA380023D1AD /* FirebaseStorage in Frameworks */,
				C632E91C2DD9EA380023D1AD /* FirebaseAuth in Frameworks */,
				C632E9202DD9EA380023D1AD /* FirebaseFirestore in Frameworks */,
			);
			runOnlyForDeploymentPostprocessing = 0;
		};
		C66129F92D6307EA00D018F5 /* Frameworks */ = {
			isa = PBXFrameworksBuildPhase;
			buildActionMask = 2147483647;
			files = (
			);
			runOnlyForDeploymentPostprocessing = 0;
		};
		C6612A032D6307EA00D018F5 /* Frameworks */ = {
			isa = PBXFrameworksBuildPhase;
			buildActionMask = 2147483647;
			files = (
			);
			runOnlyForDeploymentPostprocessing = 0;
		};
/* End PBXFrameworksBuildPhase section */

/* Begin PBXGroup section */
		C66129E32D6307E700D018F5 = {
			isa = PBXGroup;
			children = (
				C66129EE2D6307E700D018F5 /* CrossChat */,
				C66129FF2D6307EA00D018F5 /* CrossChatTests */,
				C6612A092D6307EA00D018F5 /* CrossChatUITests */,
				C66129ED2D6307E700D018F5 /* Products */,
			);
			sourceTree = "<group>";
		};
		C66129ED2D6307E700D018F5 /* Products */ = {
			isa = PBXGroup;
			children = (
				C66129EC2D6307E700D018F5 /* CrossChat.app */,
				C66129FC2D6307EA00D018F5 /* CrossChatTests.xctest */,
				C6612A062D6307EA00D018F5 /* CrossChatUITests.xctest */,
			);
			name = Products;
			sourceTree = "<group>";
		};
/* End PBXGroup section */

/* Begin PBXNativeTarget section */
		C66129EB2D6307E700D018F5 /* CrossChat */ = {
			isa = PBXNativeTarget;
			buildConfigurationList = C6612A102D6307EA00D018F5 /* Build configuration list for PBXNativeTarget "CrossChat" */;
			buildPhases = (
				C66129E82D6307E700D018F5 /* Sources */,
				C66129E92D6307E700D018F5 /* Frameworks */,
				C66129EA2D6307E700D018F5 /* Resources */,
			);
			buildRules = (
			);
			dependencies = (
			);
			fileSystemSynchronizedGroups = (
				C66129EE2D6307E700D018F5 /* CrossChat */,
			);
			name = CrossChat;
			packageProductDependencies = (
				C632E91B2DD9EA380023D1AD /* FirebaseAuth */,
				C632E91D2DD9EA380023D1AD /* FirebaseDatabase */,
				C632E91F2DD9EA380023D1AD /* FirebaseFirestore */,
				C632E9212DD9EA380023D1AD /* FirebaseStorage */,
			);
			productName = CrossChat;
			productReference = C66129EC2D6307E700D018F5 /* CrossChat.app */;
			productType = "com.apple.product-type.application";
		};
		C66129FB2D6307EA00D018F5 /* CrossChatTests */ = {
			isa = PBXNativeTarget;
			buildConfigurationList = C6612A132D6307EA00D018F5 /* Build configuration list for PBXNativeTarget "CrossChatTests" */;
			buildPhases = (
				C66129F82D6307EA00D018F5 /* Sources */,
				C66129F92D6307EA00D018F5 /* Frameworks */,
				C66129FA2D6307EA00D018F5 /* Resources */,
			);
			buildRules = (
			);
			dependencies = (
				C66129FE2D6307EA00D018F5 /* PBXTargetDependency */,
			);
			fileSystemSynchronizedGroups = (
				C66129FF2D6307EA00D018F5 /* CrossChatTests */,
			);
			name = CrossChatTests;
			packageProductDependencies = (
			);
			productName = CrossChatTests;
			productReference = C66129FC2D6307EA00D018F5 /* CrossChatTests.xctest */;
			productType = "com.apple.product-type.bundle.unit-test";
		};
		C6612A052D6307EA00D018F5 /* CrossChatUITests */ = {
			isa = PBXNativeTarget;
			buildConfigurationList = C6612A162D6307EA00D018F5 /* Build configuration list for PBXNativeTarget "CrossChatUITests" */;
			buildPhases = (
				C6612A022D6307EA00D018F5 /* Sources */,
				C6612A032D6307EA00D018F5 /* Frameworks */,
				C6612A042D6307EA00D018F5 /* Resources */,
			);
			buildRules = (
			);
			dependencies = (
				C6612A082D6307EA00D018F5 /* PBXTargetDependency */,
			);
			fileSystemSynchronizedGroups = (
				C6612A092D6307EA00D018F5 /* CrossChatUITests */,
			);
			name = CrossChatUITests;
			packageProductDependencies = (
			);
			productName = CrossChatUITests;
			productReference = C6612A062D6307EA00D018F5 /* CrossChatUITests.xctest */;
			productType = "com.apple.product-type.bundle.ui-testing";
		};
/* End PBXNativeTarget section */

/* Begin PBXProject section */
		C66129E42D6307E700D018F5 /* Project object */ = {
			isa = PBXProject;
			attributes = {
				BuildIndependentTargetsInParallel = 1;
				LastSwiftUpdateCheck = 1610;
				LastUpgradeCheck = 1610;
				TargetAttributes = {
					C66129EB2D6307E700D018F5 = {
						CreatedOnToolsVersion = 16.1;
					};
					C66129FB2D6307EA00D018F5 = {
						CreatedOnToolsVersion = 16.1;
						TestTargetID = C66129EB2D6307E700D018F5;
					};
					C6612A052D6307EA00D018F5 = {
						CreatedOnToolsVersion = 16.1;
						TestTargetID = C66129EB2D6307E700D018F5;
					};
				};
			};
			buildConfigurationList = C66129E72D6307E700D018F5 /* Build configuration list for PBXProject "CrossChat" */;
			developmentRegion = en;
			hasScannedForEncodings = 0;
			knownRegions = (
				en,
				Base,
			);
			mainGroup = C66129E32D6307E700D018F5;
			minimizedProjectReferenceProxies = 1;
			packageReferences = (
				C632E91A2DD9EA380023D1AD /* XCRemoteSwiftPackageReference "firebase-ios-sdk" */,
			);
			preferredProjectObjectVersion = 77;
			productRefGroup = C66129ED2D6307E700D018F5 /* Products */;
			projectDirPath = "";
			projectRoot = "";
			targets = (
				C66129EB2D6307E700D018F5 /* CrossChat */,
				C66129FB2D6307EA00D018F5 /* CrossChatTests */,
				C6612A052D6307EA00D018F5 /* CrossChatUITests */,
			);
		};
/* End PBXProject section */

/* Begin PBXResourcesBuildPhase section */
		C66129EA2D6307E700D018F5 /* Resources */ = {
			isa = PBXResourcesBuildPhase;
			buildActionMask = 2147483647;
			files = (
			);
			runOnlyForDeploymentPostprocessing = 0;
		};
		C66129FA2D6307EA00D018F5 /* Resources */ = {
			isa = PBXResourcesBuildPhase;
			buildActionMask = 2147483647;
			files = (
			);
			runOnlyForDeploymentPostprocessing = 0;
		};
		C6612A042D6307EA00D018F5 /* Resources */ = {
			isa = PBXResourcesBuildPhase;
			buildActionMask = 2147483647;
			files = (
			);
			runOnlyForDeploymentPostprocessing = 0;
		};
/* End PBXResourcesBuildPhase section */

/* Begin PBXSourcesBuildPhase section */
		C66129E82D6307E700D018F5 /* Sources */ = {
			isa = PBXSourcesBuildPhase;
			buildActionMask = 2147483647;
			files = (
			);
			runOnlyForDeploymentPostprocessing = 0;
		};
		C66129F82D6307EA00D018F5 /* Sources */ = {
			isa = PBXSourcesBuildPhase;
			buildActionMask = 2147483647;
			files = (
			);
			runOnlyForDeploymentPostprocessing = 0;
		};
		C6612A022D6307EA00D018F5 /* Sources */ = {
			isa = PBXSourcesBuildPhase;
			buildActionMask = 2147483647;
			files = (
			);
			runOnlyForDeploymentPostprocessing = 0;
		};
/* End PBXSourcesBuildPhase section */

/* Begin PBXTargetDependency section */
		C66129FE2D6307EA00D018F5 /* PBXTargetDependency */ = {
			isa = PBXTargetDependency;
			target = C66129EB2D6307E700D018F5 /* CrossChat */;
			targetProxy = C66129FD2D6307EA00D018F5 /* PBXContainerItemProxy */;
		};
		C6612A082D6307EA00D018F5 /* PBXTargetDependency */ = {
			isa = PBXTargetDependency;
			target = C66129EB2D6307E700D018F5 /* CrossChat */;
			targetProxy = C6612A072D6307EA00D018F5 /* PBXContainerItemProxy */;
		};
/* End PBXTargetDependency section */

/* Begin XCBuildConfiguration section */
		C6612A0E2D6307EA00D018F5 /* Debug */ = {
			isa = XCBuildConfiguration;
			buildSettings = {
				ALWAYS_SEARCH_USER_PATHS = NO;
				ASSETCATALOG_COMPILER_GENERATE_SWIFT_ASSET_SYMBOL_EXTENSIONS = YES;
				CLANG_ANALYZER_NONNULL = YES;
				CLANG_ANALYZER_NUMBER_OBJECT_CONVERSION = YES_AGGRESSIVE;
				CLANG_CXX_LANGUAGE_STANDARD = "gnu++20";
				CLANG_ENABLE_MODULES = YES;
				CLANG_ENABLE_OBJC_ARC = YES;
				CLANG_ENABLE_OBJC_WEAK = YES;
				CLANG_WARN_BLOCK_CAPTURE_AUTORELEASING = YES;
				CLANG_WARN_BOOL_CONVERSION = YES;
				CLANG_WARN_COMMA = YES;
				CLANG_WARN_CONSTANT_CONVERSION = YES;
				CLANG_WARN_DEPRECATED_OBJC_IMPLEMENTATIONS = YES;
				CLANG_WARN_DIRECT_OBJC_ISA_USAGE = YES_ERROR;
				CLANG_WARN_DOCUMENTATION_COMMENTS = YES;
				CLANG_WARN_EMPTY_BODY = YES;
				CLANG_WARN_ENUM_CONVERSION = YES;
				CLANG_WARN_INFINITE_RECURSION = YES;
				CLANG_WARN_INT_CONVERSION = YES;
				CLANG_WARN_NON_LITERAL_NULL_CONVERSION = YES;
				CLANG_WARN_OBJC_IMPLICIT_RETAIN_SELF = YES;
				CLANG_WARN_OBJC_LITERAL_CONVERSION = YES;
				CLANG_WARN_OBJC_ROOT_CLASS = YES_ERROR;
				CLANG_WARN_QUOTED_INCLUDE_IN_FRAMEWORK_HEADER = YES;
				CLANG_WARN_RANGE_LOOP_ANALYSIS = YES;
				CLANG_WARN_STRICT_PROTOTYPES = YES;
				CLANG_WARN_SUSPICIOUS_MOVE = YES;
				CLANG_WARN_UNGUARDED_AVAILABILITY = YES_AGGRESSIVE;
				CLANG_WARN_UNREACHABLE_CODE = YES;
				CLANG_WARN__DUPLICATE_METHOD_MATCH = YES;
				COPY_PHASE_STRIP = NO;
				DEBUG_INFORMATION_FORMAT = dwarf;
				ENABLE_STRICT_OBJC_MSGSEND = YES;
				ENABLE_TESTABILITY = YES;
				ENABLE_USER_SCRIPT_SANDBOXING = YES;
				GCC_C_LANGUAGE_STANDARD = gnu17;
				GCC_DYNAMIC_NO_PIC = NO;
				GCC_NO_COMMON_BLOCKS = YES;
				GCC_OPTIMIZATION_LEVEL = 0;
				GCC_PREPROCESSOR_DEFINITIONS = (
					"DEBUG=1",
					"$(inherited)",
				);
				GCC_WARN_64_TO_32_BIT_CONVERSION = YES;
				GCC_WARN_ABOUT_RETURN_TYPE = YES_ERROR;
				GCC_WARN_UNDECLARED_SELECTOR = YES;
				GCC_WARN_UNINITIALIZED_AUTOS = YES_AGGRESSIVE;
				GCC_WARN_UNUSED_FUNCTION = YES;
				GCC_WARN_UNUSED_VARIABLE = YES;
				IPHONEOS_DEPLOYMENT_TARGET = 18.1;
				LOCALIZATION_PREFERS_STRING_CATALOGS = YES;
				MTL_ENABLE_DEBUG_INFO = INCLUDE_SOURCE;
				MTL_FAST_MATH = YES;
				ONLY_ACTIVE_ARCH = YES;
				SDKROOT = iphoneos;
				SWIFT_ACTIVE_COMPILATION_CONDITIONS = "DEBUG $(inherited)";
				SWIFT_OPTIMIZATION_LEVEL = "-Onone";
			};
			name = Debug;
		};
		C6612A0F2D6307EA00D018F5 /* Release */ = {
			isa = XCBuildConfiguration;
			buildSettings = {
				ALWAYS_SEARCH_USER_PATHS = NO;
				ASSETCATALOG_COMPILER_GENERATE_SWIFT_ASSET_SYMBOL_EXTENSIONS = YES;
				CLANG_ANALYZER_NONNULL = YES;
				CLANG_ANALYZER_NUMBER_OBJECT_CONVERSION = YES_AGGRESSIVE;
				CLANG_CXX_LANGUAGE_STANDARD = "gnu++20";
				CLANG_ENABLE_MODULES = YES;
				CLANG_ENABLE_OBJC_ARC = YES;
				CLANG_ENABLE_OBJC_WEAK = YES;
				CLANG_WARN_BLOCK_CAPTURE_AUTORELEASING = YES;
				CLANG_WARN_BOOL_CONVERSION = YES;
				CLANG_WARN_COMMA = YES;
				CLANG_WARN_CONSTANT_CONVERSION = YES;
				CLANG_WARN_DEPRECATED_OBJC_IMPLEMENTATIONS = YES;
				CLANG_WARN_DIRECT_OBJC_ISA_USAGE = YES_ERROR;
				CLANG_WARN_DOCUMENTATION_COMMENTS = YES;
				CLANG_WARN_EMPTY_BODY = YES;
				CLANG_WARN_ENUM_CONVERSION = YES;
				CLANG_WARN_INFINITE_RECURSION = YES;
				CLANG_WARN_INT_CONVERSION = YES;
				CLANG_WARN_NON_LITERAL_NULL_CONVERSION = YES;
				CLANG_WARN_OBJC_IMPLICIT_RETAIN_SELF = YES;
				CLANG_WARN_OBJC_LITERAL_CONVERSION = YES;
				CLANG_WARN_OBJC_ROOT_CLASS = YES_ERROR;
				CLANG_WARN_QUOTED_INCLUDE_IN_FRAMEWORK_HEADER = YES;
				CLANG_WARN_RANGE_LOOP_ANALYSIS = YES;
				CLANG_WARN_STRICT_PROTOTYPES = YES;
				CLANG_WARN_SUSPICIOUS_MOVE = YES;
				CLANG_WARN_UNGUARDED_AVAILABILITY = YES_AGGRESSIVE;
				CLANG_WARN_UNREACHABLE_CODE = YES;
				CLANG_WARN__DUPLICATE_METHOD_MATCH = YES;
				COPY_PHASE_STRIP = NO;
				DEBUG_INFORMATION_FORMAT = "dwarf-with-dsym";
				ENABLE_NS_ASSERTIONS = NO;
				ENABLE_STRICT_OBJC_MSGSEND = YES;
				ENABLE_USER_SCRIPT_SANDBOXING = YES;
				GCC_C_LANGUAGE_STANDARD = gnu17;
				GCC_NO_COMMON_BLOCKS = YES;
				GCC_WARN_64_TO_32_BIT_CONVERSION = YES;
				GCC_WARN_ABOUT_RETURN_TYPE = YES_ERROR;
				GCC_WARN_UNDECLARED_SELECTOR = YES;
				GCC_WARN_UNINITIALIZED_AUTOS = YES_AGGRESSIVE;
				GCC_WARN_UNUSED_FUNCTION = YES;
				GCC_WARN_UNUSED_VARIABLE = YES;
				IPHONEOS_DEPLOYMENT_TARGET = 18.1;
				LOCALIZATION_PREFERS_STRING_CATALOGS = YES;
				MTL_ENABLE_DEBUG_INFO = NO;
				MTL_FAST_MATH = YES;
				SDKROOT = iphoneos;
				SWIFT_COMPILATION_MODE = wholemodule;
				VALIDATE_PRODUCT = YES;
			};
			name = Release;
		};
		C6612A112D6307EA00D018F5 /* Debug */ = {
			isa = XCBuildConfiguration;
			buildSettings = {
				ASSETCATALOG_COMPILER_APPICON_NAME = AppIcon;
				ASSETCATALOG_COMPILER_GLOBAL_ACCENT_COLOR_NAME = AccentColor;
				CODE_SIGN_STYLE = Automatic;
				CURRENT_PROJECT_VERSION = 1;
				DEVELOPMENT_ASSET_PATHS = "\"CrossChat/Preview Content\"";
				DEVELOPMENT_TEAM = HMY846G9U2;
				ENABLE_PREVIEWS = YES;
				GENERATE_INFOPLIST_FILE = YES;
				INFOPLIST_KEY_UIApplicationSceneManifest_Generation = YES;
				INFOPLIST_KEY_UIApplicationSupportsIndirectInputEvents = YES;
				INFOPLIST_KEY_UILaunchScreen_Generation = YES;
				INFOPLIST_KEY_UISupportedInterfaceOrientations_iPad = "UIInterfaceOrientationPortrait UIInterfaceOrientationPortraitUpsideDown UIInterfaceOrientationLandscapeLeft UIInterfaceOrientationLandscapeRight";
				INFOPLIST_KEY_UISupportedInterfaceOrientations_iPhone = "UIInterfaceOrientationPortrait UIInterfaceOrientationLandscapeLeft UIInterfaceOrientationLandscapeRight";
				LD_RUNPATH_SEARCH_PATHS = (
					"$(inherited)",
					"@executable_path/Frameworks",
				);
				MARKETING_VERSION = 1.0;
				PRODUCT_BUNDLE_IDENTIFIER = "chhotu123kota-gmail.com.CrossChat";
				PRODUCT_NAME = "$(TARGET_NAME)";
				SWIFT_EMIT_LOC_STRINGS = YES;
				SWIFT_VERSION = 5.0;
				TARGETED_DEVICE_FAMILY = "1,2";
			};
			name = Debug;
		};
		C6612A122D6307EA00D018F5 /* Release */ = {
			isa = XCBuildConfiguration;
			buildSettings = {
				ASSETCATALOG_COMPILER_APPICON_NAME = AppIcon;
				ASSETCATALOG_COMPILER_GLOBAL_ACCENT_COLOR_NAME = AccentColor;
				CODE_SIGN_STYLE = Automatic;
				CURRENT_PROJECT_VERSION = 1;
				DEVELOPMENT_ASSET_PATHS = "\"CrossChat/Preview Content\"";
				DEVELOPMENT_TEAM = HMY846G9U2;
				ENABLE_PREVIEWS = YES;
				GENERATE_INFOPLIST_FILE = YES;
				INFOPLIST_KEY_UIApplicationSceneManifest_Generation = YES;
				INFOPLIST_KEY_UIApplicationSupportsIndirectInputEvents = YES;
				INFOPLIST_KEY_UILaunchScreen_Generation = YES;
				INFOPLIST_KEY_UISupportedInterfaceOrientations_iPad = "UIInterfaceOrientationPortrait UIInterfaceOrientationPortraitUpsideDown UIInterfaceOrientationLandscapeLeft UIInterfaceOrientationLandscapeRight";
				INFOPLIST_KEY_UISupportedInterfaceOrientations_iPhone = "UIInterfaceOrientationPortrait UIInterfaceOrientationLandscapeLeft UIInterfaceOrientationLandscapeRight";
				LD_RUNPATH_SEARCH_PATHS = (
					"$(inherited)",
					"@executable_path/Frameworks",
				);
				MARKETING_VERSION = 1.0;
				PRODUCT_BUNDLE_IDENTIFIER = "chhotu123kota-gmail.com.CrossChat";
				PRODUCT_NAME = "$(TARGET_NAME)";
				SWIFT_EMIT_LOC_STRINGS = YES;
				SWIFT_VERSION = 5.0;
				TARGETED_DEVICE_FAMILY = "1,2";
			};
			name = Release;
		};
		C6612A142D6307EA00D018F5 /* Debug */ = {
			isa = XCBuildConfiguration;
			buildSettings = {
				BUNDLE_LOADER = "$(TEST_HOST)";
				CODE_SIGN_STYLE = Automatic;
				CURRENT_PROJECT_VERSION = 1;
				DEVELOPMENT_TEAM = HMY846G9U2;
				GENERATE_INFOPLIST_FILE = YES;
				IPHONEOS_DEPLOYMENT_TARGET = 18.1;
				MARKETING_VERSION = 1.0;
				PRODUCT_BUNDLE_IDENTIFIER = "chhotu123kota-gmail.com.CrossChatTests";
				PRODUCT_NAME = "$(TARGET_NAME)";
				SWIFT_EMIT_LOC_STRINGS = NO;
				SWIFT_VERSION = 5.0;
				TARGETED_DEVICE_FAMILY = "1,2";
				TEST_HOST = "$(BUILT_PRODUCTS_DIR)/CrossChat.app/$(BUNDLE_EXECUTABLE_FOLDER_PATH)/CrossChat";
			};
			name = Debug;
		};
		C6612A152D6307EA00D018F5 /* Release */ = {
			isa = XCBuildConfiguration;
			buildSettings = {
				BUNDLE_LOADER = "$(TEST_HOST)";
				CODE_SIGN_STYLE = Automatic;
				CURRENT_PROJECT_VERSION = 1;
				DEVELOPMENT_TEAM = HMY846G9U2;
				GENERATE_INFOPLIST_FILE = YES;
				IPHONEOS_DEPLOYMENT_TARGET = 18.1;
				MARKETING_VERSION = 1.0;
				PRODUCT_BUNDLE_IDENTIFIER = "chhotu123kota-gmail.com.CrossChatTests";
				PRODUCT_NAME = "$(TARGET_NAME)";
				SWIFT_EMIT_LOC_STRINGS = NO;
				SWIFT_VERSION = 5.0;
				TARGETED_DEVICE_FAMILY = "1,2";
				TEST_HOST = "$(BUILT_PRODUCTS_DIR)/CrossChat.app/$(BUNDLE_EXECUTABLE_FOLDER_PATH)/CrossChat";
			};
			name = Release;
		};
		C6612A172D6307EA00D018F5 /* Debug */ = {
			isa = XCBuildConfiguration;
			buildSettings = {
				CODE_SIGN_STYLE = Automatic;
				CURRENT_PROJECT_VERSION = 1;
				DEVELOPMENT_TEAM = HMY846G9U2;
				GENERATE_INFOPLIST_FILE = YES;
				MARKETING_VERSION = 1.0;
				PRODUCT_BUNDLE_IDENTIFIER = "chhotu123kota-gmail.com.CrossChatUITests";
				PRODUCT_NAME = "$(TARGET_NAME)";
				SWIFT_EMIT_LOC_STRINGS = NO;
				SWIFT_VERSION = 5.0;
				TARGETED_DEVICE_FAMILY = "1,2";
				TEST_TARGET_NAME = CrossChat;
			};
			name = Debug;
		};
		C6612A182D6307EA00D018F5 /* Release */ = {
			isa = XCBuildConfiguration;
			buildSettings = {
				CODE_SIGN_STYLE = Automatic;
				CURRENT_PROJECT_VERSION = 1;
				DEVELOPMENT_TEAM = HMY846G9U2;
				GENERATE_INFOPLIST_FILE = YES;
				MARKETING_VERSION = 1.0;
				PRODUCT_BUNDLE_IDENTIFIER = "chhotu123kota-gmail.com.CrossChatUITests";
				PRODUCT_NAME = "$(TARGET_NAME)";
				SWIFT_EMIT_LOC_STRINGS = NO;
				SWIFT_VERSION = 5.0;
				TARGETED_DEVICE_FAMILY = "1,2";
				TEST_TARGET_NAME = CrossChat;
			};
			name = Release;
		};
/* End XCBuildConfiguration section */

/* Begin XCConfigurationList section */
		C66129E72D6307E700D018F5 /* Build configuration list for PBXProject "CrossChat" */ = {
			isa = XCConfigurationList;
			buildConfigurations = (
				C6612A0E2D6307EA00D018F5 /* Debug */,
				C6612A0F2D6307EA00D018F5 /* Release */,
			);
			defaultConfigurationIsVisible = 0;
			defaultConfigurationName = Release;
		};
		C6612A102D6307EA00D018F5 /* Build configuration list for PBXNativeTarget "CrossChat" */ = {
			isa = XCConfigurationList;
			buildConfigurations = (
				C6612A112D6307EA00D018F5 /* Debug */,
				C6612A122D6307EA00D018F5 /* Release */,
			);
			defaultConfigurationIsVisible = 0;
			defaultConfigurationName = Release;
		};
		C6612A132D6307EA00D018F5 /* Build configuration list for PBXNativeTarget "CrossChatTests" */ = {
			isa = XCConfigurationList;
			buildConfigurations = (
				C6612A142D6307EA00D018F5 /* Debug */,
				C6612A152D6307EA00D018F5 /* Release */,
			);
			defaultConfigurationIsVisible = 0;
			defaultConfigurationName = Release;
		};
		C6612A162D6307EA00D018F5 /* Build configuration list for PBXNativeTarget "CrossChatUITests" */ = {
			isa = XCConfigurationList;
			buildConfigurations = (
				C6612A172D6307EA00D018F5 /* Debug */,
				C6612A182D6307EA00D018F5 /* Release */,
			);
			defaultConfigurationIsVisible = 0;
			defaultConfigurationName = Release;
		};
/* End XCConfigurationList section */

/* Begin XCRemoteSwiftPackageReference section */
		C632E91A2DD9EA380023D1AD /* XCRemoteSwiftPackageReference "firebase-ios-sdk" */ = {
			isa = XCRemoteSwiftPackageReference;
			repositoryURL = "https://github.com/firebase/firebase-ios-sdk.git";
			requirement = {
				kind = upToNextMajorVersion;
				minimumVersion = 11.12.0;
			};
		};
/* End XCRemoteSwiftPackageReference section */

/* Begin XCSwiftPackageProductDependency section */
		C632E91B2DD9EA380023D1AD /* FirebaseAuth */ = {
			isa = XCSwiftPackageProductDependency;
			package = C632E91A2DD9EA380023D1AD /* XCRemoteSwiftPackageReference "firebase-ios-sdk" */;
			productName = FirebaseAuth;
		};
		C632E91D2DD9EA380023D1AD /* FirebaseDatabase */ = {
			isa = XCSwiftPackageProductDependency;
			package = C632E91A2DD9EA380023D1AD /* XCRemoteSwiftPackageReference "firebase-ios-sdk" */;
			productName = FirebaseDatabase;
		};
		C632E91F2DD9EA380023D1AD /* FirebaseFirestore */ = {
			isa = XCSwiftPackageProductDependency;
			package = C632E91A2DD9EA380023D1AD /* XCRemoteSwiftPackageReference "firebase-ios-sdk" */;
			productName = FirebaseFirestore;
		};
		C632E9212DD9EA380023D1AD /* FirebaseStorage */ = {
			isa = XCSwiftPackageProductDependency;
			package = C632E91A2DD9EA380023D1AD /* XCRemoteSwiftPackageReference "firebase-ios-sdk" */;
			productName = FirebaseStorage;
		};
/* End XCSwiftPackageProductDependency section */
	};
	rootObject = C66129E42D6307E700D018F5 /* Project object */;
}
